# THIS IS AN AUTOGENERATED FILE. DO NOT EDIT THIS FILE DIRECTLY.
# yarn lockfile v1


"@essex/redux-dag-history@^2.0.1":
  version "2.0.1"
  resolved "https://registry.yarnpkg.com/@essex/redux-dag-history/-/redux-dag-history-2.0.1.tgz#1b211e52646c3227f8ab118e62d76600a4f70197"
  dependencies:
    "@types/redux-actions" "^1.2.2"
    debug "^2.6.0"
    immutable "^3.8.1"
    redux-actions "^1.2.1"
    treeify "^1.0.1"

"@types/classnames@^0.0.32":
  version "0.0.32"
  resolved "https://registry.yarnpkg.com/@types/classnames/-/classnames-0.0.32.tgz#449abcd9a826807811ef101e58df9f83cfc61713"

"@types/react-addons-css-transition-group@^15.0.1":
  version "15.0.1"
  resolved "https://registry.yarnpkg.com/@types/react-addons-css-transition-group/-/react-addons-css-transition-group-15.0.1.tgz#2fc47a444d754bce94f1b774bca490542de13874"
  dependencies:
    "@types/react" "*"
    "@types/react-addons-transition-group" "*"

"@types/react-addons-transition-group@*":
  version "0.14.19"
  resolved "https://registry.yarnpkg.com/@types/react-addons-transition-group/-/react-addons-transition-group-0.14.19.tgz#74053d3b1d30644644149343323e05570ccb9fd2"
  dependencies:
    "@types/react" "*"

"@types/react-dnd@^2.0.32":
  version "2.0.32"
  resolved "https://registry.yarnpkg.com/@types/react-dnd/-/react-dnd-2.0.32.tgz#6ede6f8176a1282f8758410aee40482100a0989b"
  dependencies:
    "@types/react" "*"

"@types/react-motion@^0.0.21":
  version "0.0.21"
  resolved "https://registry.yarnpkg.com/@types/react-motion/-/react-motion-0.0.21.tgz#4d341968c541de7ab5fee7814e2edc3c737b3eba"
  dependencies:
    "@types/react" "*"

"@types/react-redux@^4.4.36":
  version "4.4.36"
  resolved "https://registry.yarnpkg.com/@types/react-redux/-/react-redux-4.4.36.tgz#5d1e768f3291c66c8e54d8a48e42f7cb554a7d87"
  dependencies:
    "@types/react" "*"
    redux "^3.6.0"

"@types/react-tabs@^0.5.22":
  version "0.5.22"
  resolved "https://registry.yarnpkg.com/@types/react-tabs/-/react-tabs-0.5.22.tgz#3352cbae39c76d78a42cc666a5d38cbc8fd0f93e"
  dependencies:
    "@types/react" "*"

"@types/react@*", "@types/react@^15.0.8":
  version "15.0.8"
  resolved "https://registry.yarnpkg.com/@types/react/-/react-15.0.8.tgz#3aaceb79ef2a27fb41e4ab681c2e4b35803d7918"

"@types/redux-actions@^1.2.2":
  version "1.2.2"
  resolved "https://registry.yarnpkg.com/@types/redux-actions/-/redux-actions-1.2.2.tgz#2f90cd3ecde5c37a47a90caf4df1ffd34e2e29dd"

"@types/redux@^3.6.31":
  version "3.6.31"
  resolved "https://registry.yarnpkg.com/@types/redux/-/redux-3.6.31.tgz#40eafa7575db36b912ce0059b85de98c205b0708"

asap@^2.0.3, asap@~2.0.3:
  version "2.0.5"
  resolved "https://registry.yarnpkg.com/asap/-/asap-2.0.5.tgz#522765b50c3510490e52d7dcfe085ef9ba96958f"

classnames@^2.1.2, classnames@^2.2.0, classnames@^2.2.5:
  version "2.2.5"
  resolved "https://registry.yarnpkg.com/classnames/-/classnames-2.2.5.tgz#fb3801d453467649ef3603c7d61a02bd129bde6d"

core-js@^1.0.0:
  version "1.2.7"
  resolved "https://registry.yarnpkg.com/core-js/-/core-js-1.2.7.tgz#652294c14651db28fa93bd2d5ff2983a4f08c636"

debug@^2.6.0:
  version "2.6.0"
  resolved "https://registry.yarnpkg.com/debug/-/debug-2.6.0.tgz#bc596bcabe7617f11d9fa15361eded5608b8499b"
  dependencies:
    ms "0.7.2"

disposables@^1.0.1:
  version "1.0.1"
  resolved "https://registry.yarnpkg.com/disposables/-/disposables-1.0.1.tgz#064727a25b54f502bd82b89aa2dfb8df9f1b39e3"

dnd-core@^2.2.3:
  version "2.2.3"
  resolved "https://registry.yarnpkg.com/dnd-core/-/dnd-core-2.2.3.tgz#91acba9e1a377be1e9a02e890dcd9907ac9eb829"
  dependencies:
    asap "^2.0.3"
    invariant "^2.0.0"
    lodash "^4.2.0"
    redux "^3.2.0"

encoding@^0.1.11:
  version "0.1.12"
  resolved "https://registry.yarnpkg.com/encoding/-/encoding-0.1.12.tgz#538b66f3ee62cd1ab51ec323829d1f9480c74beb"
  dependencies:
    iconv-lite "~0.4.13"

fbjs@^0.8.4:
  version "0.8.7"
  resolved "https://registry.yarnpkg.com/fbjs/-/fbjs-0.8.7.tgz#14fa1653cda5a299f191c92c8c5a1eb8acdbe5eb"
  dependencies:
    core-js "^1.0.0"
    isomorphic-fetch "^2.1.1"
    loose-envify "^1.0.0"
    object-assign "^4.1.0"
    promise "^7.1.1"
    setimmediate "^1.0.5"
    ua-parser-js "^0.7.9"

hoist-non-react-statics@^1.0.3, hoist-non-react-statics@^1.2.0:
  version "1.2.0"
  resolved "https://registry.yarnpkg.com/hoist-non-react-statics/-/hoist-non-react-statics-1.2.0.tgz#aa448cf0986d55cc40773b17174b7dd066cb7cfb"

iconv-lite@~0.4.13:
  version "0.4.13"
  resolved "https://registry.yarnpkg.com/iconv-lite/-/iconv-lite-0.4.13.tgz#1f88aba4ab0b1508e8312acc39345f36e992e2f2"

immutable@^3.8.1:
  version "3.8.1"
  resolved "https://registry.yarnpkg.com/immutable/-/immutable-3.8.1.tgz#200807f11ab0f72710ea485542de088075f68cd2"

invariant@^2.0.0, invariant@^2.1.0, invariant@^2.2.1:
  version "2.2.2"
  resolved "https://registry.yarnpkg.com/invariant/-/invariant-2.2.2.tgz#9e1f56ac0acdb6bf303306f338be3b204ae60360"
  dependencies:
    loose-envify "^1.0.0"

is-stream@^1.0.1:
  version "1.1.0"
  resolved "https://registry.yarnpkg.com/is-stream/-/is-stream-1.1.0.tgz#12d4a3dd4e68e0b79ceb8dbc84173ae80d91ca44"

isomorphic-fetch@^2.1.1:
  version "2.2.1"
  resolved "https://registry.yarnpkg.com/isomorphic-fetch/-/isomorphic-fetch-2.2.1.tgz#611ae1acf14f5e81f729507472819fe9733558a9"
  dependencies:
    node-fetch "^1.0.1"
    whatwg-fetch ">=0.10.0"

js-stylesheet@^0.0.1:
  version "0.0.1"
  resolved "https://registry.yarnpkg.com/js-stylesheet/-/js-stylesheet-0.0.1.tgz#12cc1451220e454184b46de3b098c0d154762c38"

js-tokens@^2.0.0:
  version "2.0.0"
  resolved "https://registry.yarnpkg.com/js-tokens/-/js-tokens-2.0.0.tgz#79903f5563ee778cc1162e6dcf1a0027c97f9cb5"

lodash-es@^4.2.0, lodash-es@^4.2.1:
  version "4.17.2"
  resolved "https://registry.yarnpkg.com/lodash-es/-/lodash-es-4.17.2.tgz#59011b585166e613eb9dd5fc256b2cd1a30f3712"

lodash@^4.13.1, lodash@^4.17.4, lodash@^4.2.0, lodash@^4.2.1:
  version "4.17.4"
  resolved "https://registry.yarnpkg.com/lodash/-/lodash-4.17.4.tgz#78203a4d1c328ae1d86dca6460e369b57f4055ae"

loose-envify@^1.0.0, loose-envify@^1.1.0:
  version "1.3.0"
  resolved "https://registry.yarnpkg.com/loose-envify/-/loose-envify-1.3.0.tgz#6b26248c42f6d4fa4b0d8542f78edfcde35642a8"
  dependencies:
    js-tokens "^2.0.0"

ms@0.7.2:
  version "0.7.2"
  resolved "https://registry.yarnpkg.com/ms/-/ms-0.7.2.tgz#ae25cf2512b3885a1d95d7f037868d8431124765"

node-fetch@^1.0.1:
  version "1.6.3"
  resolved "https://registry.yarnpkg.com/node-fetch/-/node-fetch-1.6.3.tgz#dc234edd6489982d58e8f0db4f695029abcd8c04"
  dependencies:
    encoding "^0.1.11"
    is-stream "^1.0.1"

object-assign@^4.1.0:
  version "4.1.0"
  resolved "https://registry.yarnpkg.com/object-assign/-/object-assign-4.1.0.tgz#7a3b3d0e98063d43f4c03f2e8ae6cd51a86883a0"

performance-now@^0.2.0, performance-now@~0.2.0:
  version "0.2.0"
  resolved "https://registry.yarnpkg.com/performance-now/-/performance-now-0.2.0.tgz#33ef30c5c77d4ea21c5a53869d91b56d8f2555e5"

promise@^7.1.1:
  version "7.1.1"
  resolved "https://registry.yarnpkg.com/promise/-/promise-7.1.1.tgz#489654c692616b8aa55b0724fa809bb7db49c5bf"
  dependencies:
    asap "~2.0.3"

raf@^3.1.0:
  version "3.3.0"
  resolved "https://registry.yarnpkg.com/raf/-/raf-3.3.0.tgz#93845eeffc773f8129039f677f80a36044eee2c3"
  dependencies:
    performance-now "~0.2.0"

react-addons-css-transition-group@^15.4.2:
  version "15.4.2"
  resolved "https://registry.yarnpkg.com/react-addons-css-transition-group/-/react-addons-css-transition-group-15.4.2.tgz#b7828834dfa14229fe07750e331e8a8cb6fb7745"
  dependencies:
    fbjs "^0.8.4"
    object-assign "^4.1.0"

react-dnd@^2.2.3:
  version "2.2.3"
  resolved "https://registry.yarnpkg.com/react-dnd/-/react-dnd-2.2.3.tgz#75f6a66081fb32a41afa500755b4252fe5dd7a42"
  dependencies:
    disposables "^1.0.1"
    dnd-core "^2.2.3"
    hoist-non-react-statics "^1.2.0"
    invariant "^2.1.0"
    lodash "^4.2.0"

react-icon-base@2.0.4:
  version "2.0.4"
  resolved "https://registry.yarnpkg.com/react-icon-base/-/react-icon-base-2.0.4.tgz#b6b7662e8b009b270a4f0c213c222f5d6eca3b22"

react-icons@^2.2.3:
  version "2.2.3"
  resolved "https://registry.yarnpkg.com/react-icons/-/react-icons-2.2.3.tgz#3b4847923065ecb09f8ba7f7e422112de0195196"
  dependencies:
    react-icon-base "2.0.4"

react-keydown@^1.6.2:
  version "1.6.5"
  resolved "https://registry.yarnpkg.com/react-keydown/-/react-keydown-1.6.5.tgz#ce3fc94f6725b0f39e78434dbf2c05d3e87b3b65"

react-motion@^0.4.7:
  version "0.4.7"
  resolved "https://registry.yarnpkg.com/react-motion/-/react-motion-0.4.7.tgz#f77331ec7920bdb0d0cfc37eb6ffa10571bf42c7"
  dependencies:
    performance-now "^0.2.0"
    raf "^3.1.0"

react-redux@^5.0.2:
  version "5.0.2"
  resolved "https://registry.yarnpkg.com/react-redux/-/react-redux-5.0.2.tgz#3d9878f5f71c6fafcd45de1fbb162ea31f389814"
  dependencies:
    hoist-non-react-statics "^1.0.3"
    invariant "^2.0.0"
    lodash "^4.2.0"
    lodash-es "^4.2.0"
    loose-envify "^1.1.0"

react-simple-dropdown@^1.1.4:
  version "1.1.5"
  resolved "https://registry.yarnpkg.com/react-simple-dropdown/-/react-simple-dropdown-1.1.5.tgz#f0d682029e0e942d54b85e5cab2949ca43016de6"
  dependencies:
    classnames "^2.1.2"

react-tabs@^0.8.2:
  version "0.8.2"
  resolved "https://registry.yarnpkg.com/react-tabs/-/react-tabs-0.8.2.tgz#7928e822361b61eb7f53164daf86ad7ee98ef539"
  dependencies:
    classnames "^2.2.0"
    js-stylesheet "^0.0.1"

reduce-reducers@^0.1.0:
  version "0.1.2"
  resolved "https://registry.yarnpkg.com/reduce-reducers/-/reduce-reducers-0.1.2.tgz#fa1b4718bc5292a71ddd1e5d839c9bea9770f14b"

redux-actions@^1.2.1:
  version "1.2.1"
  resolved "https://registry.yarnpkg.com/redux-actions/-/redux-actions-1.2.1.tgz#649711d88f49f1dde5bc5a1cea8ceec5b54d9181"
  dependencies:
    invariant "^2.2.1"
    lodash "^4.13.1"
    reduce-reducers "^0.1.0"

redux@^3.2.0, redux@^3.3.1, redux@^3.6.0:
  version "3.6.0"
  resolved "https://registry.yarnpkg.com/redux/-/redux-3.6.0.tgz#887c2b3d0b9bd86eca2be70571c27654c19e188d"
  dependencies:
    lodash "^4.2.1"
    lodash-es "^4.2.1"
    loose-envify "^1.1.0"
    symbol-observable "^1.0.2"

setimmediate@^1.0.5:
  version "1.0.5"
  resolved "https://registry.yarnpkg.com/setimmediate/-/setimmediate-1.0.5.tgz#290cbb232e306942d7d7ea9b83732ab7856f8285"

symbol-observable@^1.0.2:
  version "1.0.4"
  resolved "https://registry.yarnpkg.com/symbol-observable/-/symbol-observable-1.0.4.tgz#29bf615d4aa7121bdd898b22d4b3f9bc4e2aa03d"

treeify@^1.0.1:
  version "1.0.1"
  resolved "https://registry.yarnpkg.com/treeify/-/treeify-1.0.1.tgz#69b3cd022022a168424e7cfa1ced44c939d3eb2f"

ua-parser-js@^0.7.9:
  version "0.7.12"
  resolved "https://registry.yarnpkg.com/ua-parser-js/-/ua-parser-js-0.7.12.tgz#04c81a99bdd5dc52263ea29d24c6bf8d4818a4bb"

whatwg-fetch@>=0.10.0:
  version "2.0.1"
  resolved "https://registry.yarnpkg.com/whatwg-fetch/-/whatwg-fetch-2.0.1.tgz#078b9461bbe91cea73cbce8bb122a05f9e92b772"
